
Microsoft Visual Studio Solution File, Format Version 12.00
# Visual Studio 15
VisualStudioVersion = 15.0.28307.705
MinimumVisualStudioVersion = 10.0.40219.1
Project("{FAE04EC0-301F-11D3-BF4B-00C04F79EFBC}") = "StarToUp", "StarToUp\StarToUp.csproj", "{DBE02C81-D51C-4B8D-9EFE-1D4F620BF7E2}"
EndProject
Global
	GlobalSection(SolutionConfigurationPlatforms) = preSolution
		Debug|Any CPU = Debug|Any CPU
		Release|Any CPU = Release|Any CPU
	EndGlobalSection
	GlobalSection(ProjectConfigurationPlatforms) = postSolution
		{DBE02C81-D51C-4B8D-9EFE-1D4F620BF7E2}.Debug|Any CPU.ActiveCfg = Debug|Any CPU
		{DBE02C81-D51C-4B8D-9EFE-1D4F620BF7E2}.Debug|Any CPU.Build.0 = Debug|Any CPU
		{DBE02C81-D51C-4B8D-9EFE-1D4F620BF7E2}.Release|Any CPU.ActiveCfg = Release|Any CPU
		{DBE02C81-D51C-4B8D-9EFE-1D4F620BF7E2}.Release|Any CPU.Build.0 = Release|Any CPU
	EndGlobalSection
	GlobalSection(SolutionProperties) = preSolution
		HideSolutionNode = FALSE
	EndGlobalSection
	GlobalSection(ExtensibilityGlobals) = postSolution
		SolutionGuid = {54E36325-B643-4619-B640-7E5BC9F712D1}
	EndGlobalSection
EndGlobal
