
Microsoft Visual Studio Solution File, Format Version 12.00
# Visual Studio 15
VisualStudioVersion = 15.0.28307.489
MinimumVisualStudioVersion = 10.0.40219.1
Project("{FAE04EC0-301F-11D3-BF4B-00C04F79EFBC}") = "StarToUp", "StarToUp\StarToUp.csproj", "{B838D5C5-9718-4667-BE89-5D85D25345C4}"
EndProject
Global
	GlobalSection(SolutionConfigurationPlatforms) = preSolution
		Debug|Any CPU = Debug|Any CPU
		Release|Any CPU = Release|Any CPU
	EndGlobalSection
	GlobalSection(ProjectConfigurationPlatforms) = postSolution
		{B838D5C5-9718-4667-BE89-5D85D25345C4}.Debug|Any CPU.ActiveCfg = Debug|Any CPU
		{B838D5C5-9718-4667-BE89-5D85D25345C4}.Debug|Any CPU.Build.0 = Debug|Any CPU
		{B838D5C5-9718-4667-BE89-5D85D25345C4}.Release|Any CPU.ActiveCfg = Release|Any CPU
		{B838D5C5-9718-4667-BE89-5D85D25345C4}.Release|Any CPU.Build.0 = Release|Any CPU
	EndGlobalSection
	GlobalSection(SolutionProperties) = preSolution
		HideSolutionNode = FALSE
	EndGlobalSection
	GlobalSection(ExtensibilityGlobals) = postSolution
		SolutionGuid = {9E10CF4B-524C-494A-87B9-8E0C876FCC6E}
	EndGlobalSection
EndGlobal
